{
  "originHash" : "08e9e36e394ea11d96f7d70efaf37bb2033a61df05ce6b3325f18c17af604f05",
  "pins" : [
    {
      "identity" : "convex-swift",
      "kind" : "remoteSourceControl",
      "location" : "https://github.com/get-convex/convex-swift",
      "state" : {
        "revision" : "a603bc850245f23ce3ce36b223ec7340981c2203",
        "version" : "0.5.5"
      }
    }
  ],
  "version" : 3
}
